// !$*UTF8*$!
{
	archiveVersion = 1;
	classes = {
	};
	objectVersion = 50;
	objects = {

/* Begin PBXBuildFile section */
		309A8DF124A9590400BA1A27 /* AppDelegate.swift in Sources */ = {isa = PBXBuildFile; fileRef = 309A8DF024A9590400BA1A27 /* AppDelegate.swift */; };
		309A8DF324A9590400BA1A27 /* SceneDelegate.swift in Sources */ = {isa = PBXBuildFile; fileRef = 309A8DF224A9590400BA1A27 /* SceneDelegate.swift */; };
		309A8DF524A9590400BA1A27 /* ViewController.swift in Sources */ = {isa = PBXBuildFile; fileRef = 309A8DF424A9590400BA1A27 /* ViewController.swift */; };
		309A8DF824A9590400BA1A27 /* Main.storyboard in Resources */ = {isa = PBXBuildFile; fileRef = 309A8DF624A9590400BA1A27 /* Main.storyboard */; };
		309A8DFB24A9590400BA1A27 /* ArtBookProjet.xcdatamodeld in Sources */ = {isa = PBXBuildFile; fileRef = 309A8DF924A9590400BA1A27 /* ArtBookProjet.xcdatamodeld */; };
		309A8DFD24A9590500BA1A27 /* Assets.xcassets in Resources */ = {isa = PBXBuildFile; fileRef = 309A8DFC24A9590500BA1A27 /* Assets.xcassets */; };
		309A8E0024A9590500BA1A27 /* LaunchScreen.storyboard in Resources */ = {isa = PBXBuildFile; fileRef = 309A8DFE24A9590500BA1A27 /* LaunchScreen.storyboard */; };
		309A8E0824A95DE800BA1A27 /* DetailsVC.swift in Sources */ = {isa = PBXBuildFile; fileRef = 309A8E0724A95DE800BA1A27 /* DetailsVC.swift */; };
/* End PBXBuildFile section */

/* Begin PBXFileReference section */
		309A8DED24A9590400BA1A27 /* ArtBookProjet.app */ = {isa = PBXFileReference; explicitFileType = wrapper.application; includeInIndex = 0; path = ArtBookProjet.app; sourceTree = BUILT_PRODUCTS_DIR; };
		309A8DF024A9590400BA1A27 /* AppDelegate.swift */ = {isa = PBXFileReference; lastKnownFileType = sourcecode.swift; path = AppDelegate.swift; sourceTree = "<group>"; };
		309A8DF224A9590400BA1A27 /* SceneDelegate.swift */ = {isa = PBXFileReference; lastKnownFileType = sourcecode.swift; path = SceneDelegate.swift; sourceTree = "<group>"; };
		309A8DF424A9590400BA1A27 /* ViewController.swift */ = {isa = PBXFileReference; lastKnownFileType = sourcecode.swift; path = ViewController.swift; sourceTree = "<group>"; };
		309A8DF724A9590400BA1A27 /* Base */ = {isa = PBXFileReference; lastKnownFileType = file.storyboard; name = Base; path = Base.lproj/Main.storyboard; sourceTree = "<group>"; };
		309A8DFA24A9590400BA1A27 /* ArtBookProjet.xcdatamodel */ = {isa = PBXFileReference; lastKnownFileType = wrapper.xcdatamodel; path = ArtBookProjet.xcdatamodel; sourceTree = "<group>"; };
		309A8DFC24A9590500BA1A27 /* Assets.xcassets */ = {isa = PBXFileReference; lastKnownFileType = folder.assetcatalog; path = Assets.xcassets; sourceTree = "<group>"; };
		309A8DFF24A9590500BA1A27 /* Base */ = {isa = PBXFileReference; lastKnownFileType = file.storyboard; name = Base; path = Base.lproj/LaunchScreen.storyboard; sourceTree = "<group>"; };
		309A8E0124A9590500BA1A27 /* Info.plist */ = {isa = PBXFileReference; lastKnownFileType = text.plist.xml; path = Info.plist; sourceTree = "<group>"; };
		309A8E0724A95DE800BA1A27 /* DetailsVC.swift */ = {isa = PBXFileReference; lastKnownFileType = sourcecode.swift; path = DetailsVC.swift; sourceTree = "<group>"; };
/* End PBXFileReference section */

/* Begin PBXFrameworksBuildPhase section */
		309A8DEA24A9590400BA1A27 /* Frameworks */ = {
			isa = PBXFrameworksBuildPhase;
			buildActionMask = 2147483647;
			files = (
			);
			runOnlyForDeploymentPostprocessing = 0;
		};
/* End PBXFrameworksBuildPhase section */

/* Begin PBXGroup section */
		309A8DE424A9590400BA1A27 = {
			isa = PBXGroup;
			children = (
				309A8DEF24A9590400BA1A27 /* ArtBookProjet */,
				309A8DEE24A9590400BA1A27 /* Products */,
			);
			sourceTree = "<group>";
		};
		309A8DEE24A9590400BA1A27 /* Products */ = {
			isa = PBXGroup;
			children = (
				309A8DED24A9590400BA1A27 /* ArtBookProjet.app */,
			);
			name = Products;
			sourceTree = "<group>";
		};
		309A8DEF24A9590400BA1A27 /* ArtBookProjet */ = {
			isa = PBXGroup;
			children = (
				309A8DF024A9590400BA1A27 /* AppDelegate.swift */,
				309A8DF224A9590400BA1A27 /* SceneDelegate.swift */,
				309A8DF424A9590400BA1A27 /* ViewController.swift */,
				309A8E0724A95DE800BA1A27 /* DetailsVC.swift */,
				309A8DF624A9590400BA1A27 /* Main.storyboard */,
				309A8DFC24A9590500BA1A27 /* Assets.xcassets */,
				309A8DFE24A9590500BA1A27 /* LaunchScreen.storyboard */,
				309A8E0124A9590500BA1A27 /* Info.plist */,
				309A8DF924A9590400BA1A27 /* ArtBookProjet.xcdatamodeld */,
			);
			path = ArtBookProjet;
			sourceTree = "<group>";
		};
/* End PBXGroup section */

/* Begin PBXNativeTarget section */
		309A8DEC24A9590400BA1A27 /* ArtBookProjet */ = {
			isa = PBXNativeTarget;
			buildConfigurationList = 309A8E0424A9590500BA1A27 /* Build configuration list for PBXNativeTarget "ArtBookProjet" */;
			buildPhases = (
				309A8DE924A9590400BA1A27 /* Sources */,
				309A8DEA24A9590400BA1A27 /* Frameworks */,
				309A8DEB24A9590400BA1A27 /* Resources */,
			);
			buildRules = (
			);
			dependencies = (
			);
			name = ArtBookProjet;
			productName = ArtBookProjet;
			productReference = 309A8DED24A9590400BA1A27 /* ArtBookProjet.app */;
			productType = "com.apple.product-type.application";
		};
/* End PBXNativeTarget section */

/* Begin PBXProject section */
		309A8DE524A9590400BA1A27 /* Project object */ = {
			isa = PBXProject;
			attributes = {
				LastSwiftUpdateCheck = 1150;
				LastUpgradeCheck = 1150;
				ORGANIZATIONNAME = "Kevin Landry";
				TargetAttributes = {
					309A8DEC24A9590400BA1A27 = {
						CreatedOnToolsVersion = 11.5;
					};
				};
			};
			buildConfigurationList = 309A8DE824A9590400BA1A27 /* Build configuration list for PBXProject "ArtBookProjet" */;
			compatibilityVersion = "Xcode 9.3";
			developmentRegion = en;
			hasScannedForEncodings = 0;
			knownRegions = (
				en,
				Base,
			);
			mainGroup = 309A8DE424A9590400BA1A27;
			productRefGroup = 309A8DEE24A9590400BA1A27 /* Products */;
			projectDirPath = "";
			projectRoot = "";
			targets = (
				309A8DEC24A9590400BA1A27 /* ArtBookProjet */,
			);
		};
/* End PBXProject section */

/* Begin PBXResourcesBuildPhase section */
		309A8DEB24A9590400BA1A27 /* Resources */ = {
			isa = PBXResourcesBuildPhase;
			buildActionMask = 2147483647;
			files = (
				309A8E0024A9590500BA1A27 /* LaunchScreen.storyboard in Resources */,
				309A8DFD24A9590500BA1A27 /* Assets.xcassets in Resources */,
				309A8DF824A9590400BA1A27 /* Main.storyboard in Resources */,
			);
			runOnlyForDeploymentPostprocessing = 0;
		};
/* End PBXResourcesBuildPhase section */

/* Begin PBXSourcesBuildPhase section */
		309A8DE924A9590400BA1A27 /* Sources */ = {
			isa = PBXSourcesBuildPhase;
			buildActionMask = 2147483647;
			files = (
				309A8DFB24A9590400BA1A27 /* ArtBookProjet.xcdatamodeld in Sources */,
				309A8DF524A9590400BA1A27 /* ViewController.swift in Sources */,
				309A8DF124A9590400BA1A27 /* AppDelegate.swift in Sources */,
				309A8DF324A9590400BA1A27 /* SceneDelegate.swift in Sources */,
				309A8E0824A95DE800BA1A27 /* DetailsVC.swift in Sources */,
			);
			runOnlyForDeploymentPostprocessing = 0;
		};
/* End PBXSourcesBuildPhase section */

/* Begin PBXVariantGroup section */
		309A8DF624A9590400BA1A27 /* Main.storyboard */ = {
			isa = PBXVariantGroup;
			children = (
				309A8DF724A9590400BA1A27 /* Base */,
			);
			name = Main.storyboard;
			sourceTree = "<group>";
		};
		309A8DFE24A9590500BA1A27 /* LaunchScreen.storyboard */ = {
			isa = PBXVariantGroup;
			children = (
				309A8DFF24A9590500BA1A27 /* Base */,
			);
			name = LaunchScreen.storyboard;
			sourceTree = "<group>";
		};
/* End PBXVariantGroup section */

/* Begin XCBuildConfiguration section */
		309A8E0224A9590500BA1A27 /* Debug */ = {
			isa = XCBuildConfiguration;
			buildSettings = {
				ALWAYS_SEARCH_USER_PATHS = NO;
				CLANG_ANALYZER_NONNULL = YES;
				CLANG_ANALYZER_NUMBER_OBJECT_CONVERSION = YES_AGGRESSIVE;
				CLANG_CXX_LANGUAGE_STANDARD = "gnu++14";
				CLANG_CXX_LIBRARY = "libc++";
				CLANG_ENABLE_MODULES = YES;
				CLANG_ENABLE_OBJC_ARC = YES;
				CLANG_ENABLE_OBJC_WEAK = YES;
				CLANG_WARN_BLOCK_CAPTURE_AUTORELEASING = YES;
				CLANG_WARN_BOOL_CONVERSION = YES;
				CLANG_WARN_COMMA = YES;
				CLANG_WARN_CONSTANT_CONVERSION = YES;
				CLANG_WARN_DEPRECATED_OBJC_IMPLEMENTATIONS = YES;
				CLANG_WARN_DIRECT_OBJC_ISA_USAGE = YES_ERROR;
				CLANG_WARN_DOCUMENTATION_COMMENTS = YES;
				CLANG_WARN_EMPTY_BODY = YES;
				CLANG_WARN_ENUM_CONVERSION = YES;
				CLANG_WARN_INFINITE_RECURSION = YES;
				CLANG_WARN_INT_CONVERSION = YES;
				CLANG_WARN_NON_LITERAL_NULL_CONVERSION = YES;
				CLANG_WARN_OBJC_IMPLICIT_RETAIN_SELF = YES;
				CLANG_WARN_OBJC_LITERAL_CONVERSION = YES;
				CLANG_WARN_OBJC_ROOT_CLASS = YES_ERROR;
				CLANG_WARN_RANGE_LOOP_ANALYSIS = YES;
				CLANG_WARN_STRICT_PROTOTYPES = YES;
				CLANG_WARN_SUSPICIOUS_MOVE = YES;
				CLANG_WARN_UNGUARDED_AVAILABILITY = YES_AGGRESSIVE;
				CLANG_WARN_UNREACHABLE_CODE = YES;
				CLANG_WARN__DUPLICATE_METHOD_MATCH = YES;
				COPY_PHASE_STRIP = NO;
				DEBUG_INFORMATION_FORMAT = dwarf;
				ENABLE_STRICT_OBJC_MSGSEND = YES;
				ENABLE_TESTABILITY = YES;
				GCC_C_LANGUAGE_STANDARD = gnu11;
				GCC_DYNAMIC_NO_PIC = NO;
				GCC_NO_COMMON_BLOCKS = YES;
				GCC_OPTIMIZATION_LEVEL = 0;
				GCC_PREPROCESSOR_DEFINITIONS = (
					"DEBUG=1",
					"$(inherited)",
				);
				GCC_WARN_64_TO_32_BIT_CONVERSION = YES;
				GCC_WARN_ABOUT_RETURN_TYPE = YES_ERROR;
				GCC_WARN_UNDECLARED_SELECTOR = YES;
				GCC_WARN_UNINITIALIZED_AUTOS = YES_AGGRESSIVE;
				GCC_WARN_UNUSED_FUNCTION = YES;
				GCC_WARN_UNUSED_VARIABLE = YES;
				IPHONEOS_DEPLOYMENT_TARGET = 13.5;
				MTL_ENABLE_DEBUG_INFO = INCLUDE_SOURCE;
				MTL_FAST_MATH = YES;
				ONLY_ACTIVE_ARCH = YES;
				SDKROOT = iphoneos;
				SWIFT_ACTIVE_COMPILATION_CONDITIONS = DEBUG;
				SWIFT_OPTIMIZATION_LEVEL = "-Onone";
			};
			name = Debug;
		};
		309A8E0324A9590500BA1A27 /* Release */ = {
			isa = XCBuildConfiguration;
			buildSettings = {
				ALWAYS_SEARCH_USER_PATHS = NO;
				CLANG_ANALYZER_NONNULL = YES;
				CLANG_ANALYZER_NUMBER_OBJECT_CONVERSION = YES_AGGRESSIVE;
				CLANG_CXX_LANGUAGE_STANDARD = "gnu++14";
				CLANG_CXX_LIBRARY = "libc++";
				CLANG_ENABLE_MODULES = YES;
				CLANG_ENABLE_OBJC_ARC = YES;
				CLANG_ENABLE_OBJC_WEAK = YES;
				CLANG_WARN_BLOCK_CAPTURE_AUTORELEASING = YES;
				CLANG_WARN_BOOL_CONVERSION = YES;
				CLANG_WARN_COMMA = YES;
				CLANG_WARN_CONSTANT_CONVERSION = YES;
				CLANG_WARN_DEPRECATED_OBJC_IMPLEMENTATIONS = YES;
				CLANG_WARN_DIRECT_OBJC_ISA_USAGE = YES_ERROR;
				CLANG_WARN_DOCUMENTATION_COMMENTS = YES;
				CLANG_WARN_EMPTY_BODY = YES;
				CLANG_WARN_ENUM_CONVERSION = YES;
				CLANG_WARN_INFINITE_RECURSION = YES;
				CLANG_WARN_INT_CONVERSION = YES;
				CLANG_WARN_NON_LITERAL_NULL_CONVERSION = YES;
				CLANG_WARN_OBJC_IMPLICIT_RETAIN_SELF = YES;
				CLANG_WARN_OBJC_LITERAL_CONVERSION = YES;
				CLANG_WARN_OBJC_ROOT_CLASS = YES_ERROR;
				CLANG_WARN_RANGE_LOOP_ANALYSIS = YES;
				CLANG_WARN_STRICT_PROTOTYPES = YES;
				CLANG_WARN_SUSPICIOUS_MOVE = YES;
				CLANG_WARN_UNGUARDED_AVAILABILITY = YES_AGGRESSIVE;
				CLANG_WARN_UNREACHABLE_CODE = YES;
				CLANG_WARN__DUPLICATE_METHOD_MATCH = YES;
				COPY_PHASE_STRIP = NO;
				DEBUG_INFORMATION_FORMAT = "dwarf-with-dsym";
				ENABLE_NS_ASSERTIONS = NO;
				ENABLE_STRICT_OBJC_MSGSEND = YES;
				GCC_C_LANGUAGE_STANDARD = gnu11;
				GCC_NO_COMMON_BLOCKS = YES;
				GCC_WARN_64_TO_32_BIT_CONVERSION = YES;
				GCC_WARN_ABOUT_RETURN_TYPE = YES_ERROR;
				GCC_WARN_UNDECLARED_SELECTOR = YES;
				GCC_WARN_UNINITIALIZED_AUTOS = YES_AGGRESSIVE;
				GCC_WARN_UNUSED_FUNCTION = YES;
				GCC_WARN_UNUSED_VARIABLE = YES;
				IPHONEOS_DEPLOYMENT_TARGET = 13.5;
				MTL_ENABLE_DEBUG_INFO = NO;
				MTL_FAST_MATH = YES;
				SDKROOT = iphoneos;
				SWIFT_COMPILATION_MODE = wholemodule;
				SWIFT_OPTIMIZATION_LEVEL = "-O";
				VALIDATE_PRODUCT = YES;
			};
			name = Release;
		};
		309A8E0524A9590500BA1A27 /* Debug */ = {
			isa = XCBuildConfiguration;
			buildSettings = {
				ASSETCATALOG_COMPILER_APPICON_NAME = AppIcon;
				CODE_SIGN_STYLE = Automatic;
				DEVELOPMENT_TEAM = 5V9YF4PVV3;
				INFOPLIST_FILE = ArtBookProjet/Info.plist;
				LD_RUNPATH_SEARCH_PATHS = (
					"$(inherited)",
					"@executable_path/Frameworks",
				);
				PRODUCT_BUNDLE_IDENTIFIER = com.kevums.ArtBookProjet;
				PRODUCT_NAME = "$(TARGET_NAME)";
				SWIFT_VERSION = 5.0;
				TARGETED_DEVICE_FAMILY = "1,2";
			};
			name = Debug;
		};
		309A8E0624A9590500BA1A27 /* Release */ = {
			isa = XCBuildConfiguration;
			buildSettings = {
				ASSETCATALOG_COMPILER_APPICON_NAME = AppIcon;
				CODE_SIGN_STYLE = Automatic;
				DEVELOPMENT_TEAM = 5V9YF4PVV3;
				INFOPLIST_FILE = ArtBookProjet/Info.plist;
				LD_RUNPATH_SEARCH_PATHS = (
					"$(inherited)",
					"@executable_path/Frameworks",
				);
				PRODUCT_BUNDLE_IDENTIFIER = com.kevums.ArtBookProjet;
				PRODUCT_NAME = "$(TARGET_NAME)";
				SWIFT_VERSION = 5.0;
				TARGETED_DEVICE_FAMILY = "1,2";
			};
			name = Release;
		};
/* End XCBuildConfiguration section */

/* Begin XCConfigurationList section */
		309A8DE824A9590400BA1A27 /* Build configuration list for PBXProject "ArtBookProjet" */ = {
			isa = XCConfigurationList;
			buildConfigurations = (
				309A8E0224A9590500BA1A27 /* Debug */,
				309A8E0324A9590500BA1A27 /* Release */,
			);
			defaultConfigurationIsVisible = 0;
			defaultConfigurationName = Release;
		};
		309A8E0424A9590500BA1A27 /* Build configuration list for PBXNativeTarget "ArtBookProjet" */ = {
			isa = XCConfigurationList;
			buildConfigurations = (
				309A8E0524A9590500BA1A27 /* Debug */,
				309A8E0624A9590500BA1A27 /* Release */,
			);
			defaultConfigurationIsVisible = 0;
			defaultConfigurationName = Release;
		};
/* End XCConfigurationList section */

/* Begin XCVersionGroup section */
		309A8DF924A9590400BA1A27 /* ArtBookProjet.xcdatamodeld */ = {
			isa = XCVersionGroup;
			children = (
				309A8DFA24A9590400BA1A27 /* ArtBookProjet.xcdatamodel */,
			);
			currentVersion = 309A8DFA24A9590400BA1A27 /* ArtBookProjet.xcdatamodel */;
			path = ArtBookProjet.xcdatamodeld;
			sourceTree = "<group>";
			versionGroupType = wrapper.xcdatamodel;
		};
/* End XCVersionGroup section */
	};
	rootObject = 309A8DE524A9590400BA1A27 /* Project object */;
}
